
Microsoft Visual Studio Solution File, Format Version 12.00
# Visual Studio 15
VisualStudioVersion = 15.0.28307.168
MinimumVisualStudioVersion = 10.0.40219.1
Project("{FAE04EC0-301F-11D3-BF4B-00C04F79EFBC}") = "c0728853 web forms", "c0728853 web forms\c0728853 web forms.csproj", "{513339CD-C29D-4B9B-9C23-3513EF9EA586}"
EndProject
Global
	GlobalSection(SolutionConfigurationPlatforms) = preSolution
		Debug|Any CPU = Debug|Any CPU
		Release|Any CPU = Release|Any CPU
	EndGlobalSection
	GlobalSection(ProjectConfigurationPlatforms) = postSolution
		{513339CD-C29D-4B9B-9C23-3513EF9EA586}.Debug|Any CPU.ActiveCfg = Debug|Any CPU
		{513339CD-C29D-4B9B-9C23-3513EF9EA586}.Debug|Any CPU.Build.0 = Debug|Any CPU
		{513339CD-C29D-4B9B-9C23-3513EF9EA586}.Release|Any CPU.ActiveCfg = Release|Any CPU
		{513339CD-C29D-4B9B-9C23-3513EF9EA586}.Release|Any CPU.Build.0 = Release|Any CPU
	EndGlobalSection
	GlobalSection(SolutionProperties) = preSolution
		HideSolutionNode = FALSE
	EndGlobalSection
	GlobalSection(ExtensibilityGlobals) = postSolution
		SolutionGuid = {BA773FC7-EAA3-4025-A2C4-57064546E274}
	EndGlobalSection
EndGlobal
